
Microsoft Visual Studio Solution File, Format Version 12.00
# Visual Studio 2013
VisualStudioVersion = 12.0.30501.0
MinimumVisualStudioVersion = 10.0.40219.1
Project("{FAE04EC0-301F-11D3-BF4B-00C04F79EFBC}") = "EFPractice.Web", "EFPractice\EFPractice.Web.csproj", "{D747B55E-3E7F-4500-9142-E9BB8DD14394}"
EndProject
Project("{FAE04EC0-301F-11D3-BF4B-00C04F79EFBC}") = "EFPractice.Domain", "EFPractice.Domain\EFPractice.Domain.csproj", "{589B8E5E-32C1-48F5-A8F6-429A63019817}"
EndProject
Project("{FAE04EC0-301F-11D3-BF4B-00C04F79EFBC}") = "EFPractice.DataLayer", "EFPractice.DataLayer\EFPractice.DataLayer.csproj", "{22EC3B7E-4FB8-4DD5-B0F0-51BCFF4B7267}"
EndProject
Project("{FAE04EC0-301F-11D3-BF4B-00C04F79EFBC}") = "EFPractice.ConsoleApp", "EFPractice.ConsoleApp\EFPractice.ConsoleApp.csproj", "{F95F5321-18C4-42F9-AC4A-3B7F1ADB46EF}"
EndProject
Project("{2150E333-8FDC-42A3-9474-1A3956D46DE8}") = "Notes", "Notes", "{88B66950-2A27-4C84-9BB9-F2AB7C379725}"
	ProjectSection(SolutionItems) = preProject
		EF Creation Steps.txt = EF Creation Steps.txt
		Notes.txt = Notes.txt
	EndProjectSection
EndProject
Project("{FAE04EC0-301F-11D3-BF4B-00C04F79EFBC}") = "EFPractice.Core", "EFPractice.Core\EFPractice.Core.csproj", "{7D673512-E7ED-479C-93C4-0842A649FDD8}"
EndProject
Project("{FAE04EC0-301F-11D3-BF4B-00C04F79EFBC}") = "EFPractice.CoreDataLayer", "EFPractice.CoreDataLayer\EFPractice.CoreDataLayer.csproj", "{8C8F7D28-76AC-4695-A985-F647A3F6EB43}"
EndProject
Global
	GlobalSection(SolutionConfigurationPlatforms) = preSolution
		Debug|Any CPU = Debug|Any CPU
		Release|Any CPU = Release|Any CPU
	EndGlobalSection
	GlobalSection(ProjectConfigurationPlatforms) = postSolution
		{D747B55E-3E7F-4500-9142-E9BB8DD14394}.Debug|Any CPU.ActiveCfg = Debug|Any CPU
		{D747B55E-3E7F-4500-9142-E9BB8DD14394}.Debug|Any CPU.Build.0 = Debug|Any CPU
		{D747B55E-3E7F-4500-9142-E9BB8DD14394}.Release|Any CPU.ActiveCfg = Release|Any CPU
		{D747B55E-3E7F-4500-9142-E9BB8DD14394}.Release|Any CPU.Build.0 = Release|Any CPU
		{589B8E5E-32C1-48F5-A8F6-429A63019817}.Debug|Any CPU.ActiveCfg = Debug|Any CPU
		{589B8E5E-32C1-48F5-A8F6-429A63019817}.Debug|Any CPU.Build.0 = Debug|Any CPU
		{589B8E5E-32C1-48F5-A8F6-429A63019817}.Release|Any CPU.ActiveCfg = Release|Any CPU
		{589B8E5E-32C1-48F5-A8F6-429A63019817}.Release|Any CPU.Build.0 = Release|Any CPU
		{22EC3B7E-4FB8-4DD5-B0F0-51BCFF4B7267}.Debug|Any CPU.ActiveCfg = Debug|Any CPU
		{22EC3B7E-4FB8-4DD5-B0F0-51BCFF4B7267}.Debug|Any CPU.Build.0 = Debug|Any CPU
		{22EC3B7E-4FB8-4DD5-B0F0-51BCFF4B7267}.Release|Any CPU.ActiveCfg = Release|Any CPU
		{22EC3B7E-4FB8-4DD5-B0F0-51BCFF4B7267}.Release|Any CPU.Build.0 = Release|Any CPU
		{F95F5321-18C4-42F9-AC4A-3B7F1ADB46EF}.Debug|Any CPU.ActiveCfg = Debug|Any CPU
		{F95F5321-18C4-42F9-AC4A-3B7F1ADB46EF}.Debug|Any CPU.Build.0 = Debug|Any CPU
		{F95F5321-18C4-42F9-AC4A-3B7F1ADB46EF}.Release|Any CPU.ActiveCfg = Release|Any CPU
		{F95F5321-18C4-42F9-AC4A-3B7F1ADB46EF}.Release|Any CPU.Build.0 = Release|Any CPU
		{7D673512-E7ED-479C-93C4-0842A649FDD8}.Debug|Any CPU.ActiveCfg = Debug|Any CPU
		{7D673512-E7ED-479C-93C4-0842A649FDD8}.Debug|Any CPU.Build.0 = Debug|Any CPU
		{7D673512-E7ED-479C-93C4-0842A649FDD8}.Release|Any CPU.ActiveCfg = Release|Any CPU
		{7D673512-E7ED-479C-93C4-0842A649FDD8}.Release|Any CPU.Build.0 = Release|Any CPU
		{8C8F7D28-76AC-4695-A985-F647A3F6EB43}.Debug|Any CPU.ActiveCfg = Debug|Any CPU
		{8C8F7D28-76AC-4695-A985-F647A3F6EB43}.Debug|Any CPU.Build.0 = Debug|Any CPU
		{8C8F7D28-76AC-4695-A985-F647A3F6EB43}.Release|Any CPU.ActiveCfg = Release|Any CPU
		{8C8F7D28-76AC-4695-A985-F647A3F6EB43}.Release|Any CPU.Build.0 = Release|Any CPU
	EndGlobalSection
	GlobalSection(SolutionProperties) = preSolution
		HideSolutionNode = FALSE
	EndGlobalSection
EndGlobal
